
Microsoft Visual Studio Solution File, Format Version 12.00
# Visual Studio Version 17
VisualStudioVersion = 17.5.2.0
MinimumVisualStudioVersion = 10.0.40219.1
Project("{9A19103F-16F7-4668-BE54-9A1E7A4F7556}") = "-blog-website", "-blog-website.csproj", "{FFE8F7E9-90F5-7B48-84E4-181F97C63379}"
EndProject
Project("{2150E333-8FDC-42A3-9474-1A3956D46DE8}") = "Çözüm Öğeleri", "Çözüm Öğeleri", "{DB037D3D-B3E1-49DD-9679-DB1B0B8DAEB5}"
EndProject
Global
	GlobalSection(SolutionConfigurationPlatforms) = preSolution
		Debug|Any CPU = Debug|Any CPU
		Release|Any CPU = Release|Any CPU
	EndGlobalSection
	GlobalSection(ProjectConfigurationPlatforms) = postSolution
		{FFE8F7E9-90F5-7B48-84E4-181F97C63379}.Debug|Any CPU.ActiveCfg = Debug|Any CPU
		{FFE8F7E9-90F5-7B48-84E4-181F97C63379}.Debug|Any CPU.Build.0 = Debug|Any CPU
		{FFE8F7E9-90F5-7B48-84E4-181F97C63379}.Release|Any CPU.ActiveCfg = Release|Any CPU
		{FFE8F7E9-90F5-7B48-84E4-181F97C63379}.Release|Any CPU.Build.0 = Release|Any CPU
	EndGlobalSection
	GlobalSection(SolutionProperties) = preSolution
		HideSolutionNode = FALSE
	EndGlobalSection
	GlobalSection(ExtensibilityGlobals) = postSolution
		SolutionGuid = {57837DE3-35D0-4E01-A271-0E2EC9D4798A}
	EndGlobalSection
EndGlobal
